
Microsoft Visual Studio Solution File, Format Version 12.00
# Visual Studio 15
Project("{FAE04EC0-301F-11D3-BF4B-00C04F79EFBC}") = "PlatformerUnity", "PlatformerUnity.csproj", "{3BF2940E-DDF5-7CEF-C814-C59A014CE450}"
EndProject
Global
	GlobalSection(SolutionConfigurationPlatforms) = preSolution
		Debug|Any CPU = Debug|Any CPU
		Release|Any CPU = Release|Any CPU
	EndGlobalSection
	GlobalSection(ProjectConfigurationPlatforms) = postSolution
		{3BF2940E-DDF5-7CEF-C814-C59A014CE450}.Debug|Any CPU.ActiveCfg = Debug|Any CPU
		{3BF2940E-DDF5-7CEF-C814-C59A014CE450}.Debug|Any CPU.Build.0 = Debug|Any CPU
		{3BF2940E-DDF5-7CEF-C814-C59A014CE450}.Release|Any CPU.ActiveCfg = Release|Any CPU
		{3BF2940E-DDF5-7CEF-C814-C59A014CE450}.Release|Any CPU.Build.0 = Release|Any CPU
	EndGlobalSection
	GlobalSection(SolutionProperties) = preSolution
		HideSolutionNode = FALSE
	EndGlobalSection
EndGlobal
